<?xml version="1.0" encoding="utf-8"?>
<Project ToolsVersion="4.0" xmlns="http://schemas.microsoft.com/developer/msbuild/2003">
  <ItemGroup>
    <Filter Include="源文件">
      <UniqueIdentifier>{4FC737F1-C7A5-4376-A066-2A32D752A2FF}</UniqueIdentifier>
      <Extensions>cpp;c;cc;cxx;c++;cppm;ixx;def;odl;idl;hpj;bat;asm;asmx</Extensions>
    </Filter>
    <Filter Include="头文件">
      <UniqueIdentifier>{93995380-89BD-4b04-88EB-625FBE52EBFB}</UniqueIdentifier>
      <Extensions>h;hh;hpp;hxx;h++;hm;inl;inc;ipp;xsd</Extensions>
    </Filter>
    <Filter Include="资源文件">
      <UniqueIdentifier>{67DA6AB6-F800-4c08-8B7A-83BB121AAD01}</UniqueIdentifier>
      <Extensions>rc;ico;cur;bmp;dlg;rc2;rct;bin;rgs;gif;jpg;jpeg;jpe;resx;tiff;tif;png;wav;mfcribbon-ms</Extensions>
    </Filter>
    <Filter Include="third_party">
      <UniqueIdentifier>{eb4f3ece-2b0e-440a-931a-000e71690960}</UniqueIdentifier>
    </Filter>
    <Filter Include="third_party\boost-ext.di">
      <UniqueIdentifier>{0d030e1c-eff5-4955-ab06-05393a208ac0}</UniqueIdentifier>
    </Filter>
    <Filter Include="头文件\core">
      <UniqueIdentifier>{101447c3-d96a-492f-861a-afe7bd162f6a}</UniqueIdentifier>
    </Filter>
    <Filter Include="源文件\core">
      <UniqueIdentifier>{500c0c90-0a2c-480d-9a92-22912284e148}</UniqueIdentifier>
    </Filter>
    <Filter Include="头文件\core\server_service">
      <UniqueIdentifier>{95ce7aee-6bd5-4dd3-af01-d940047aecaf}</UniqueIdentifier>
    </Filter>
    <Filter Include="源文件\core\server_service">
      <UniqueIdentifier>{97387158-6bf3-4d1f-9a70-0b6ff6b091b4}</UniqueIdentifier>
    </Filter>
    <Filter Include="头文件\core\server_service\message_bag">
      <UniqueIdentifier>{56474ee5-d539-4824-bedb-0bbfba9e1dc3}</UniqueIdentifier>
    </Filter>
    <Filter Include="源文件\core\server_service\message_bag">
      <UniqueIdentifier>{cfe7f6ca-d732-4e15-8f52-0f75f30a49d8}</UniqueIdentifier>
    </Filter>
    <Filter Include="头文件\core\gRPC">
      <UniqueIdentifier>{3a265838-1bd2-4dd5-99fe-45c449b76485}</UniqueIdentifier>
    </Filter>
    <Filter Include="源文件\core\gRPC">
      <UniqueIdentifier>{21e78b9e-20ec-4ecf-926f-ac58b6346e6c}</UniqueIdentifier>
    </Filter>
    <Filter Include="Protos">
      <UniqueIdentifier>{e21cd26e-5e57-4f0e-80dd-4c595bcb0d90}</UniqueIdentifier>
    </Filter>
    <Filter Include="common">
      <UniqueIdentifier>{a9f417e0-cabe-4368-906b-5d39b3cad639}</UniqueIdentifier>
    </Filter>
    <Filter Include="common\tools">
      <UniqueIdentifier>{0ff44664-7a67-4943-9149-61e1fd81c8ff}</UniqueIdentifier>
    </Filter>
  </ItemGroup>
  <ItemGroup>
    <ClCompile Include="Main.cpp">
      <Filter>源文件</Filter>
    </ClCompile>
    <ClCompile Include="ChatServerService.cpp">
      <Filter>源文件\core\server_service</Filter>
    </ClCompile>
    <ClCompile Include="ChatRoom.cpp">
      <Filter>源文件\core\server_service</Filter>
    </ClCompile>
    <ClCompile Include="UserSession.cpp">
      <Filter>源文件\core\server_service</Filter>
    </ClCompile>
    <ClCompile Include="EventMessageBag.cpp">
      <Filter>源文件\core\server_service\message_bag</Filter>
    </ClCompile>
    <ClCompile Include="APIMessageBag.cpp">
      <Filter>源文件\core\server_service\message_bag</Filter>
    </ClCompile>
    <ClCompile Include="UserSessionServiceClient.cpp">
      <Filter>源文件\core\gRPC</Filter>
    </ClCompile>
    <ClCompile Include="..\Protos\gRPCOut\gRPCUserSession.pb.cc">
      <Filter>Protos</Filter>
    </ClCompile>
    <ClCompile Include="..\Protos\gRPCOut\gRPCUserSession.grpc.pb.cc">
      <Filter>Protos</Filter>
    </ClCompile>
  </ItemGroup>
  <ItemGroup>
    <None Include="packages.config" />
  </ItemGroup>
  <ItemGroup>
    <ClInclude Include="di.hpp">
      <Filter>third_party\boost-ext.di</Filter>
    </ClInclude>
    <ClInclude Include="ChatServerService.h">
      <Filter>头文件\core\server_service</Filter>
    </ClInclude>
    <ClInclude Include="ChatRoom.h">
      <Filter>头文件\core\server_service</Filter>
    </ClInclude>
    <ClInclude Include="UserSession.h">
      <Filter>头文件\core\server_service</Filter>
    </ClInclude>
    <ClInclude Include="EventMessageBag.h">
      <Filter>头文件\core\server_service\message_bag</Filter>
    </ClInclude>
    <ClInclude Include="APIMessageBag.h">
      <Filter>头文件\core\server_service\message_bag</Filter>
    </ClInclude>
    <ClInclude Include="UserSessionServiceClient.h">
      <Filter>头文件\core\gRPC</Filter>
    </ClInclude>
    <ClInclude Include="..\Protos\gRPCOut\gRPCUserSession.pb.h">
      <Filter>Protos</Filter>
    </ClInclude>
    <ClInclude Include="..\Protos\gRPCOut\gRPCUserSession.grpc.pb.h">
      <Filter>Protos</Filter>
    </ClInclude>
    <ClInclude Include="StringTool.hpp">
      <Filter>头文件</Filter>
    </ClInclude>
  </ItemGroup>
</Project>